github.com/behavioral-ai/collective v0.0.0-20250313181229-7a330396d5b8 h1:kjo+ASxJTu4XYmwJqU70K2u4rtQ/RK2dhJ0uxAbWlmM=
github.com/behavioral-ai/collective v0.0.0-20250313181229-7a330396d5b8/go.mod h1:tzTnCMUXcaXaOgU7hG8cByDD3YD0hIRf6ucSOrImJHA=
github.com/behavioral-ai/collective v0.0.0-20250313190911-abce6d51a853 h1:Cj87beFXxdz4ofEJyn1PE2iUxmysxmINiuj7ZmXyFiY=
github.com/behavioral-ai/collective v0.0.0-20250313190911-abce6d51a853/go.mod h1:tzTnCMUXcaXaOgU7hG8cByDD3YD0hIRf6ucSOrImJHA=
github.com/behavioral-ai/collective v0.0.0-20250314193039-230ab1038c2e h1:X1r5pnM6T+xDxkIC2qk9tBN/9S/KxXS6R+L2aIKMwW8=
github.com/behavioral-ai/collective v0.0.0-20250314193039-230ab1038c2e/go.mod h1:tzTnCMUXcaXaOgU7hG8cByDD3YD0hIRf6ucSOrImJHA=
github.com/behavioral-ai/collective v0.0.0-20250314230625-146ef0904c6d h1:XM1tReFO87zw1tZL5kz2wKyrapXqw/TsuV4JdUCrGus=
github.com/behavioral-ai/collective v0.0.0-20250314230625-146ef0904c6d/go.mod h1:PrthjwPbqFro92CjjFzNFanv08sA1oXY/1OVrD58V98=
github.com/behavioral-ai/collective v0.0.0-20250315134417-6a353fc2d76d h1:BCNKZTUQP+RztGqWaAFKa9twdx/qJe/ylZhXHtStRto=
github.com/behavioral-ai/collective v0.0.0-20250315134417-6a353fc2d76d/go.mod h1:PrthjwPbqFro92CjjFzNFanv08sA1oXY/1OVrD58V98=
github.com/behavioral-ai/collective v0.0.0-20250315144652-73fa9a2581a1 h1:79AwHAOTxlItie13IC9AaOZXVlnD01NgxFTZdvyU+J4=
github.com/behavioral-ai/collective v0.0.0-20250315144652-73fa9a2581a1/go.mod h1:PrthjwPbqFro92CjjFzNFanv08sA1oXY/1OVrD58V98=
github.com/behavioral-ai/collective v0.0.0-20250315151012-00f8625472af h1:sErhWn3kjzJyofA+3ZEcNtp3XOGi8qtBC0KQ8vDU4hk=
github.com/behavioral-ai/collective v0.0.0-20250315151012-00f8625472af/go.mod h1:PrthjwPbqFro92CjjFzNFanv08sA1oXY/1OVrD58V98=
github.com/behavioral-ai/core v0.0.0-20250313173851-d8cc912b7ab2 h1:RJI8Gt7P3IrjHOSF1A4LEyVueukJU5//lFRmso4v05w=
github.com/behavioral-ai/core v0.0.0-20250313173851-d8cc912b7ab2/go.mod h1:sqpbaRPtMXUb4j6CbCuwWvQrD6pUKJm5oZEKPDynlPE=
github.com/behavioral-ai/core v0.0.0-20250314222057-35115097f631 h1:WhwJZrDlunscdFwoQsngulKJzB/ipums9grZNeI+CMs=
github.com/behavioral-ai/core v0.0.0-20250314222057-35115097f631/go.mod h1:sqpbaRPtMXUb4j6CbCuwWvQrD6pUKJm5oZEKPDynlPE=
github.com/behavioral-ai/domain v0.0.0-20250312183402-847bc48ee163 h1:IiUWCwesB6fHrV34/TrPU8rTd+SEh8sz2u9h9qlOyK0=
github.com/behavioral-ai/domain v0.0.0-20250312183402-847bc48ee163/go.mod h1:2WL4Myuhx9JlOFp5BN3iLlnBHNTlg9F8+PJqvTiJLds=
